
Microsoft Visual Studio Solution File, Format Version 12.00
# Visual Studio 15
VisualStudioVersion = 15.0.28307.271
MinimumVisualStudioVersion = 10.0.40219.1
Project("{FAE04EC0-301F-11D3-BF4B-00C04F79EFBC}") = "CSharpUtils", "CSharpUtils\CSharpUtils.csproj", "{3EF5AEEB-4E72-4857-AFBE-464C949B49BE}"
EndProject
Project("{2150E333-8FDC-42A3-9474-1A3956D46DE8}") = "Solution Items", "Solution Items", "{8948CB4F-560E-4A7F-977E-1881749A0835}"
EndProject
Project("{FAE04EC0-301F-11D3-BF4B-00C04F79EFBC}") = "UtilZ.Test", "UtilZ.Test\UtilZ.Test.csproj", "{E16A51BC-55B8-4C72-A2A7-B7572219A669}"
	ProjectSection(ProjectDependencies) = postProject
		{3EF5AEEB-4E72-4857-AFBE-464C949B49BE} = {3EF5AEEB-4E72-4857-AFBE-464C949B49BE}
	EndProjectSection
EndProject
Global
	GlobalSection(SolutionConfigurationPlatforms) = preSolution
		Debug|Any CPU = Debug|Any CPU
		Release|Any CPU = Release|Any CPU
	EndGlobalSection
	GlobalSection(ProjectConfigurationPlatforms) = postSolution
		{3EF5AEEB-4E72-4857-AFBE-464C949B49BE}.Debug|Any CPU.ActiveCfg = Debug|Any CPU
		{3EF5AEEB-4E72-4857-AFBE-464C949B49BE}.Debug|Any CPU.Build.0 = Debug|Any CPU
		{3EF5AEEB-4E72-4857-AFBE-464C949B49BE}.Release|Any CPU.ActiveCfg = Release|Any CPU
		{3EF5AEEB-4E72-4857-AFBE-464C949B49BE}.Release|Any CPU.Build.0 = Release|Any CPU
		{E16A51BC-55B8-4C72-A2A7-B7572219A669}.Debug|Any CPU.ActiveCfg = Debug|Any CPU
		{E16A51BC-55B8-4C72-A2A7-B7572219A669}.Debug|Any CPU.Build.0 = Debug|Any CPU
		{E16A51BC-55B8-4C72-A2A7-B7572219A669}.Release|Any CPU.ActiveCfg = Release|Any CPU
		{E16A51BC-55B8-4C72-A2A7-B7572219A669}.Release|Any CPU.Build.0 = Release|Any CPU
	EndGlobalSection
	GlobalSection(SolutionProperties) = preSolution
		HideSolutionNode = FALSE
	EndGlobalSection
	GlobalSection(ExtensibilityGlobals) = postSolution
		SolutionGuid = {36BB46A6-FA8C-4AFB-835E-6CE992E80E18}
	EndGlobalSection
EndGlobal
